{
  "requires": true,
  "lockfileVersion": 1,
  "dependencies": {
    "google-trends-api": {
      "version": "4.7.0",
      "resolved": "https://registry.npmjs.org/google-trends-api/-/google-trends-api-4.7.0.tgz",
      "integrity": "sha512-OvxnIt/NTsMs2TpSCibScl1qiD059xVMXpmjjaqVg93y0ayzeXJdtkWE+Wg9WfamyTLyWPrNombsXsbVCm/Z7w=="
    }
  }
}
